
Microsoft Visual Studio Solution File, Format Version 12.00
# Visual Studio Version 17
VisualStudioVersion = 17.13.35828.75
MinimumVisualStudioVersion = 10.0.40219.1
Project("{FAE04EC0-301F-11D3-BF4B-00C04F79EFBC}") = "TripManager.Domain", "TripManager.Domain\TripManager.Domain.csproj", "{CF0D9F7A-CD9C-4B5A-9EB9-A915389436CE}"
EndProject
Project("{FAE04EC0-301F-11D3-BF4B-00C04F79EFBC}") = "TripManager.Application", "TripManager.Application\TripManager.Application.csproj", "{2897C197-007E-4D69-B2B1-88D135A1FCD1}"
EndProject
Project("{FAE04EC0-301F-11D3-BF4B-00C04F79EFBC}") = "TripManager.Infra", "TripManager.Infra\TripManager.Infra.csproj", "{4C336960-D4A0-420D-B8BB-A3388DE2934C}"
EndProject
Project("{FAE04EC0-301F-11D3-BF4B-00C04F79EFBC}") = "TripManager.Web.Api", "TripManager.Web.Api\TripManager.Web.Api.csproj", "{EAA3F1EE-9526-41C2-95F0-6AB02174AF5E}"
EndProject
Global
	GlobalSection(SolutionConfigurationPlatforms) = preSolution
		Debug|Any CPU = Debug|Any CPU
		Release|Any CPU = Release|Any CPU
	EndGlobalSection
	GlobalSection(ProjectConfigurationPlatforms) = postSolution
		{CF0D9F7A-CD9C-4B5A-9EB9-A915389436CE}.Debug|Any CPU.ActiveCfg = Debug|Any CPU
		{CF0D9F7A-CD9C-4B5A-9EB9-A915389436CE}.Debug|Any CPU.Build.0 = Debug|Any CPU
		{CF0D9F7A-CD9C-4B5A-9EB9-A915389436CE}.Release|Any CPU.ActiveCfg = Release|Any CPU
		{CF0D9F7A-CD9C-4B5A-9EB9-A915389436CE}.Release|Any CPU.Build.0 = Release|Any CPU
		{2897C197-007E-4D69-B2B1-88D135A1FCD1}.Debug|Any CPU.ActiveCfg = Debug|Any CPU
		{2897C197-007E-4D69-B2B1-88D135A1FCD1}.Debug|Any CPU.Build.0 = Debug|Any CPU
		{2897C197-007E-4D69-B2B1-88D135A1FCD1}.Release|Any CPU.ActiveCfg = Release|Any CPU
		{2897C197-007E-4D69-B2B1-88D135A1FCD1}.Release|Any CPU.Build.0 = Release|Any CPU
		{4C336960-D4A0-420D-B8BB-A3388DE2934C}.Debug|Any CPU.ActiveCfg = Debug|Any CPU
		{4C336960-D4A0-420D-B8BB-A3388DE2934C}.Debug|Any CPU.Build.0 = Debug|Any CPU
		{4C336960-D4A0-420D-B8BB-A3388DE2934C}.Release|Any CPU.ActiveCfg = Release|Any CPU
		{4C336960-D4A0-420D-B8BB-A3388DE2934C}.Release|Any CPU.Build.0 = Release|Any CPU
		{EAA3F1EE-9526-41C2-95F0-6AB02174AF5E}.Debug|Any CPU.ActiveCfg = Debug|Any CPU
		{EAA3F1EE-9526-41C2-95F0-6AB02174AF5E}.Debug|Any CPU.Build.0 = Debug|Any CPU
		{EAA3F1EE-9526-41C2-95F0-6AB02174AF5E}.Release|Any CPU.ActiveCfg = Release|Any CPU
		{EAA3F1EE-9526-41C2-95F0-6AB02174AF5E}.Release|Any CPU.Build.0 = Release|Any CPU
	EndGlobalSection
	GlobalSection(SolutionProperties) = preSolution
		HideSolutionNode = FALSE
	EndGlobalSection
	GlobalSection(ExtensibilityGlobals) = postSolution
		SolutionGuid = {65E89BA6-9575-4D71-BA1C-BA4FA94A85B9}
	EndGlobalSection
EndGlobal
